// !$*UTF8*$!
{
	archiveVersion = 1;
	classes = {
	};
	objectVersion = 46;
	objects = {

/* Begin PBXFileReference section */
		D90E82B51937925200662CC8 /* gittest.py */ = {isa = PBXFileReference; fileEncoding = 4; lastKnownFileType = text.script.python; path = gittest.py; sourceTree = "<group>"; };
		D92554411906E9110025A546 /* main.py */ = {isa = PBXFileReference; fileEncoding = 4; lastKnownFileType = text.script.python; path = main.py; sourceTree = "<group>"; };
		D92554441906F1B60025A546 /* secondthread.py */ = {isa = PBXFileReference; fileEncoding = 4; lastKnownFileType = text.script.python; path = secondthread.py; sourceTree = "<group>"; };
		D92554451906F4DB0025A546 /* database.py */ = {isa = PBXFileReference; fileEncoding = 4; lastKnownFileType = text.script.python; path = database.py; sourceTree = "<group>"; };
		D92610991908865900F9BDD7 /* controller.py */ = {isa = PBXFileReference; fileEncoding = 4; lastKnownFileType = text.script.python; path = controller.py; sourceTree = "<group>"; };
		D926109B1909BCBB00F9BDD7 /* xmlparse.py */ = {isa = PBXFileReference; fileEncoding = 4; lastKnownFileType = text.script.python; path = xmlparse.py; sourceTree = "<group>"; };
		D94E02601958B84F001490F7 /* jjstout.xml */ = {isa = PBXFileReference; fileEncoding = 4; lastKnownFileType = text.xml; path = jjstout.xml; sourceTree = "<group>"; };
		D9A49AFE19082F6F009BB8F7 /* sensor_sim.py */ = {isa = PBXFileReference; fileEncoding = 4; lastKnownFileType = text.script.python; path = sensor_sim.py; sourceTree = "<group>"; };
		D9A49AFF190830E8009BB8F7 /* profile.py */ = {isa = PBXFileReference; fileEncoding = 4; lastKnownFileType = text.script.python; path = profile.py; sourceTree = "<group>"; };
		D9BCE14C1907605D00D6236C /* sensors.py */ = {isa = PBXFileReference; fileEncoding = 4; lastKnownFileType = text.script.python; path = sensors.py; sourceTree = "<group>"; };
		D9BCE14D1907647100D6236C /* gui.py */ = {isa = PBXFileReference; fileEncoding = 4; lastKnownFileType = text.script.python; path = gui.py; sourceTree = "<group>"; };
		D9BCE14E1907710300D6236C /* io.py */ = {isa = PBXFileReference; fileEncoding = 4; lastKnownFileType = text.script.python; path = io.py; sourceTree = "<group>"; };
/* End PBXFileReference section */

/* Begin PBXGroup section */
		D92554361906E67F0025A546 = {
			isa = PBXGroup;
			children = (
				D926109B1909BCBB00F9BDD7 /* xmlparse.py */,
				D92554411906E9110025A546 /* main.py */,
				D9BCE14C1907605D00D6236C /* sensors.py */,
				D90E82B51937925200662CC8 /* gittest.py */,
				D92610991908865900F9BDD7 /* controller.py */,
				D9A49AFE19082F6F009BB8F7 /* sensor_sim.py */,
				D9BCE14E1907710300D6236C /* io.py */,
				D9A49AFF190830E8009BB8F7 /* profile.py */,
				D9BCE14D1907647100D6236C /* gui.py */,
				D92554451906F4DB0025A546 /* database.py */,
				D94E02601958B84F001490F7 /* jjstout.xml */,
				D92554441906F1B60025A546 /* secondthread.py */,
			);
			sourceTree = "<group>";
		};
/* End PBXGroup section */

/* Begin PBXLegacyTarget section */
		D925543B1906E67F0025A546 /* 499_apr22_1 */ = {
			isa = PBXLegacyTarget;
			buildArgumentsString = "$(ACTION)";
			buildConfigurationList = D925543E1906E67F0025A546 /* Build configuration list for PBXLegacyTarget "499_apr22_1" */;
			buildPhases = (
			);
			buildToolPath = /usr/bin/python;
			dependencies = (
			);
			name = 499_apr22_1;
			passBuildSettingsInEnvironment = 1;
			productName = 499_apr22_1;
		};
/* End PBXLegacyTarget section */

/* Begin PBXProject section */
		D92554371906E67F0025A546 /* Project object */ = {
			isa = PBXProject;
			attributes = {
				LastUpgradeCheck = 0510;
				ORGANIZATIONNAME = "Jacob Gulliver";
			};
			buildConfigurationList = D925543A1906E67F0025A546 /* Build configuration list for PBXProject "499_apr22_1" */;
			compatibilityVersion = "Xcode 3.2";
			developmentRegion = English;
			hasScannedForEncodings = 0;
			knownRegions = (
				en,
			);
			mainGroup = D92554361906E67F0025A546;
			projectDirPath = "";
			projectRoot = "";
			targets = (
				D925543B1906E67F0025A546 /* 499_apr22_1 */,
			);
		};
/* End PBXProject section */

/* Begin XCBuildConfiguration section */
		D925543C1906E67F0025A546 /* Debug */ = {
			isa = XCBuildConfiguration;
			buildSettings = {
				ALWAYS_SEARCH_USER_PATHS = NO;
				CLANG_CXX_LANGUAGE_STANDARD = "gnu++0x";
				CLANG_CXX_LIBRARY = "libc++";
				CLANG_ENABLE_MODULES = YES;
				CLANG_ENABLE_OBJC_ARC = YES;
				CLANG_WARN_BOOL_CONVERSION = YES;
				CLANG_WARN_CONSTANT_CONVERSION = YES;
				CLANG_WARN_DIRECT_OBJC_ISA_USAGE = YES_ERROR;
				CLANG_WARN_EMPTY_BODY = YES;
				CLANG_WARN_ENUM_CONVERSION = YES;
				CLANG_WARN_INT_CONVERSION = YES;
				CLANG_WARN_OBJC_ROOT_CLASS = YES_ERROR;
				CLANG_WARN__DUPLICATE_METHOD_MATCH = YES;
				COPY_PHASE_STRIP = NO;
				GCC_C_LANGUAGE_STANDARD = gnu99;
				GCC_DYNAMIC_NO_PIC = NO;
				GCC_ENABLE_OBJC_EXCEPTIONS = YES;
				GCC_OPTIMIZATION_LEVEL = 0;
				GCC_PREPROCESSOR_DEFINITIONS = (
					"DEBUG=1",
					"$(inherited)",
				);
				GCC_SYMBOLS_PRIVATE_EXTERN = NO;
				GCC_WARN_64_TO_32_BIT_CONVERSION = YES;
				GCC_WARN_ABOUT_RETURN_TYPE = YES_ERROR;
				GCC_WARN_UNDECLARED_SELECTOR = YES;
				GCC_WARN_UNINITIALIZED_AUTOS = YES_AGGRESSIVE;
				GCC_WARN_UNUSED_FUNCTION = YES;
				GCC_WARN_UNUSED_VARIABLE = YES;
				MACOSX_DEPLOYMENT_TARGET = 10.9;
				ONLY_ACTIVE_ARCH = YES;
				SDKROOT = macosx;
			};
			name = Debug;
		};
		D925543D1906E67F0025A546 /* Release */ = {
			isa = XCBuildConfiguration;
			buildSettings = {
				ALWAYS_SEARCH_USER_PATHS = NO;
				CLANG_CXX_LANGUAGE_STANDARD = "gnu++0x";
				CLANG_CXX_LIBRARY = "libc++";
				CLANG_ENABLE_MODULES = YES;
				CLANG_ENABLE_OBJC_ARC = YES;
				CLANG_WARN_BOOL_CONVERSION = YES;
				CLANG_WARN_CONSTANT_CONVERSION = YES;
				CLANG_WARN_DIRECT_OBJC_ISA_USAGE = YES_ERROR;
				CLANG_WARN_EMPTY_BODY = YES;
				CLANG_WARN_ENUM_CONVERSION = YES;
				CLANG_WARN_INT_CONVERSION = YES;
				CLANG_WARN_OBJC_ROOT_CLASS = YES_ERROR;
				CLANG_WARN__DUPLICATE_METHOD_MATCH = YES;
				COPY_PHASE_STRIP = YES;
				DEBUG_INFORMATION_FORMAT = "dwarf-with-dsym";
				ENABLE_NS_ASSERTIONS = NO;
				GCC_C_LANGUAGE_STANDARD = gnu99;
				GCC_ENABLE_OBJC_EXCEPTIONS = YES;
				GCC_WARN_64_TO_32_BIT_CONVERSION = YES;
				GCC_WARN_ABOUT_RETURN_TYPE = YES_ERROR;
				GCC_WARN_UNDECLARED_SELECTOR = YES;
				GCC_WARN_UNINITIALIZED_AUTOS = YES_AGGRESSIVE;
				GCC_WARN_UNUSED_FUNCTION = YES;
				GCC_WARN_UNUSED_VARIABLE = YES;
				MACOSX_DEPLOYMENT_TARGET = 10.9;
				SDKROOT = macosx;
			};
			name = Release;
		};
		D925543F1906E67F0025A546 /* Debug */ = {
			isa = XCBuildConfiguration;
			buildSettings = {
				DEBUGGING_SYMBOLS = YES;
				GCC_GENERATE_DEBUGGING_SYMBOLS = YES;
				GCC_OPTIMIZATION_LEVEL = 0;
				OTHER_CFLAGS = "";
				OTHER_LDFLAGS = "";
				PRODUCT_NAME = "$(TARGET_NAME)";
			};
			name = Debug;
		};
		D92554401906E67F0025A546 /* Release */ = {
			isa = XCBuildConfiguration;
			buildSettings = {
				OTHER_CFLAGS = "";
				OTHER_LDFLAGS = "";
				PRODUCT_NAME = "$(TARGET_NAME)";
			};
			name = Release;
		};
/* End XCBuildConfiguration section */

/* Begin XCConfigurationList section */
		D925543A1906E67F0025A546 /* Build configuration list for PBXProject "499_apr22_1" */ = {
			isa = XCConfigurationList;
			buildConfigurations = (
				D925543C1906E67F0025A546 /* Debug */,
				D925543D1906E67F0025A546 /* Release */,
			);
			defaultConfigurationIsVisible = 0;
			defaultConfigurationName = Release;
		};
		D925543E1906E67F0025A546 /* Build configuration list for PBXLegacyTarget "499_apr22_1" */ = {
			isa = XCConfigurationList;
			buildConfigurations = (
				D925543F1906E67F0025A546 /* Debug */,
				D92554401906E67F0025A546 /* Release */,
			);
			defaultConfigurationIsVisible = 0;
			defaultConfigurationName = Release;
		};
/* End XCConfigurationList section */
	};
	rootObject = D92554371906E67F0025A546 /* Project object */;
}
